
Microsoft Visual Studio Solution File, Format Version 12.00
# Visual Studio 2015
Project("{FAE04EC0-301F-11D3-BF4B-00C04F79EFBC}") = "AliasingTest", "AliasingTest.csproj", "{747EB51C-FDD2-4BCE-789F-036F626DE0A3}"
EndProject
Global
	GlobalSection(SolutionConfigurationPlatforms) = preSolution
		Debug|Any CPU = Debug|Any CPU
		Release|Any CPU = Release|Any CPU
	EndGlobalSection
	GlobalSection(ProjectConfigurationPlatforms) = postSolution
		{747EB51C-FDD2-4BCE-789F-036F626DE0A3}.Debug|Any CPU.ActiveCfg = Debug|Any CPU
		{747EB51C-FDD2-4BCE-789F-036F626DE0A3}.Debug|Any CPU.Build.0 = Debug|Any CPU
		{747EB51C-FDD2-4BCE-789F-036F626DE0A3}.Release|Any CPU.ActiveCfg = Release|Any CPU
		{747EB51C-FDD2-4BCE-789F-036F626DE0A3}.Release|Any CPU.Build.0 = Release|Any CPU
	EndGlobalSection
	GlobalSection(SolutionProperties) = preSolution
		HideSolutionNode = FALSE
	EndGlobalSection
EndGlobal
